{
  "name": "qltv_playwright",
  "version": "1.0.0",
  "lockfileVersion": 3,
  "requires": true,
  "packages": {
    "": {
      "name": "qltv_playwright",
      "version": "1.0.0",
      "license": "ISC",
      "dependencies": {
        "csv": "^6.3.4",
        "csv-parse": "^5.5.1",
        "javascript": "^1.0.0"
      },
      "devDependencies": {
        "@playwright/test": "^1.38.0",
        "@types/node": "^20.6.3"
      }
    },
    "node_modules/@playwright/test": {
      "version": "1.38.0",
      "resolved": "https://registry.npmjs.org/@playwright/test/-/test-1.38.0.tgz",
      "integrity": "sha512-xis/RXXsLxwThKnlIXouxmIvvT3zvQj1JE39GsNieMUrMpb3/GySHDh2j8itCG22qKVD4MYLBp7xB73cUW/UUw==",
      "dev": true,
      "dependencies": {
        "playwright": "1.38.0"
      },
      "bin": {
        "playwright": "cli.js"
      },
      "engines": {
        "node": ">=16"
      }
    },
    "node_modules/@types/node": {
      "version": "20.6.3",
      "resolved": "https://registry.npmjs.org/@types/node/-/node-20.6.3.tgz",
      "integrity": "sha512-HksnYH4Ljr4VQgEy2lTStbCKv/P590tmPe5HqOnv9Gprffgv5WXAY+Y5Gqniu0GGqeTCUdBnzC3QSrzPkBkAMA==",
      "dev": true
    },
    "node_modules/csv": {
      "version": "6.3.4",
      "resolved": "https://registry.npmjs.org/csv/-/csv-6.3.4.tgz",
      "integrity": "sha512-WIhmxb4ojkO7JovZcAKorjMufY3iSdUqLNshl5Yx3IJaYkzU4fyO285JvLeVQ5r793AGLxP+GXIuPJQ9i2B3tQ==",
      "dependencies": {
        "csv-generate": "^4.3.0",
        "csv-parse": "^5.5.1",
        "csv-stringify": "^6.4.3",
        "stream-transform": "^3.2.9"
      },
      "engines": {
        "node": ">= 0.1.90"
      }
    },
    "node_modules/csv-generate": {
      "version": "4.3.0",
      "resolved": "https://registry.npmjs.org/csv-generate/-/csv-generate-4.3.0.tgz",
      "integrity": "sha512-7KdVId/2RgwPIKfWHaHtjBq7I9mgdi8ICzsUyIhP8is6UwpwVGGSC/aPnrZ8/SkgBcCP20lXrdPuP64Irs1VBg=="
    },
    "node_modules/csv-parse": {
      "version": "5.5.1",
      "resolved": "https://registry.npmjs.org/csv-parse/-/csv-parse-5.5.1.tgz",
      "integrity": "sha512-A6DrzSnN7MuOjXOT2tbO08YyYnP9sNDn8zITMHbZN/qt3gUzdGcu3LacYKY7b3RHwKoPwkhhmLeP7SE30cRmgg=="
    },
    "node_modules/csv-stringify": {
      "version": "6.4.3",
      "resolved": "https://registry.npmjs.org/csv-stringify/-/csv-stringify-6.4.3.tgz",
      "integrity": "sha512-srC0oI9+WOHecKh0zHoqWWq9zBzwAwzA5IJ6duuM3wNMJ7+2Bv/wRCzRt/BRQI92ar43fgkb/sXjATWBFwUDkw=="
    },
    "node_modules/fsevents": {
      "version": "2.3.2",
      "resolved": "https://registry.npmjs.org/fsevents/-/fsevents-2.3.2.tgz",
      "integrity": "sha512-xiqMQR4xAeHTuB9uWm+fFRcIOgKBMiOBP+eXiyT7jsgVCq1bkVygt00oASowB7EdtpOHaaPgKt812P9ab+DDKA==",
      "dev": true,
      "hasInstallScript": true,
      "optional": true,
      "os": [
        "darwin"
      ],
      "engines": {
        "node": "^8.16.0 || ^10.6.0 || >=11.0.0"
      }
    },
    "node_modules/javascript": {
      "version": "1.0.0",
      "resolved": "https://registry.npmjs.org/javascript/-/javascript-1.0.0.tgz",
      "integrity": "sha512-PnTGALRCw+1vqPQj5iE1xxZnEOPraSjIZ9LEZGjqP9I9iyjgRAXN7FYLDgPqZi7PhZxb3oLyYTJBttQpGCrMtg==",
      "deprecated": "Package no longer supported. Contact support@npmjs.com for more info."
    },
    "node_modules/playwright": {
      "version": "1.38.0",
      "resolved": "https://registry.npmjs.org/playwright/-/playwright-1.38.0.tgz",
      "integrity": "sha512-fJGw+HO0YY+fU/F1N57DMO+TmXHTrmr905J05zwAQE9xkuwP/QLDk63rVhmyxh03dYnEhnRbsdbH9B0UVVRB3A==",
      "dev": true,
      "dependencies": {
        "playwright-core": "1.38.0"
      },
      "bin": {
        "playwright": "cli.js"
      },
      "engines": {
        "node": ">=16"
      },
      "optionalDependencies": {
        "fsevents": "2.3.2"
      }
    },
    "node_modules/playwright-core": {
      "version": "1.38.0",
      "resolved": "https://registry.npmjs.org/playwright-core/-/playwright-core-1.38.0.tgz",
      "integrity": "sha512-f8z1y8J9zvmHoEhKgspmCvOExF2XdcxMW8jNRuX4vkQFrzV4MlZ55iwb5QeyiFQgOFCUolXiRHgpjSEnqvO48g==",
      "dev": true,
      "bin": {
        "playwright-core": "cli.js"
      },
      "engines": {
        "node": ">=16"
      }
    },
    "node_modules/stream-transform": {
      "version": "3.2.9",
      "resolved": "https://registry.npmjs.org/stream-transform/-/stream-transform-3.2.9.tgz",
      "integrity": "sha512-8O+evTdrNZ6esv/NOdpx8h6ktlXG8DmQF7cBPjffv6dc5gUrZWFH8WyVdoveDMrxhiwAsn4vuC0rxg3pZWU9TA=="
    }
  }
}
